
Microsoft Visual Studio Solution File, Format Version 12.00
Project("{FAE04EC0-301F-11D3-BF4B-00C04F79EFBC}") = "CardGame", "CardGame\CardGame.csproj", "{8343F231-2377-4710-84F1-B8FAE4DF099C}"
EndProject
Project("{FAE04EC0-301F-11D3-BF4B-00C04F79EFBC}") = "CardGame.Tests", "CardGame.Tests\CardGame.Tests.csproj", "{E1C762DE-D503-4840-84C8-846163D6136B}"
EndProject
Project("{FAE04EC0-301F-11D3-BF4B-00C04F79EFBC}") = "Hokm", "Hokm\Hokm.csproj", "{57FAB590-F476-43E5-AF3E-4BD90C7408A3}"
EndProject
Project("{FAE04EC0-301F-11D3-BF4B-00C04F79EFBC}") = "Hokm.Tests", "Hokm.Tests\Hokm.Tests.csproj", "{E0C2AB55-6268-404A-B887-D60FE736270B}"
EndProject
Project("{FAE04EC0-301F-11D3-BF4B-00C04F79EFBC}") = "Hokm.GameServer", "Hokm.GameServer\Hokm.GameServer.csproj", "{0C5FAB30-9202-4385-BBEE-10F4093A37B3}"
EndProject
Global
	GlobalSection(SolutionConfigurationPlatforms) = preSolution
		Debug|Any CPU = Debug|Any CPU
		Release|Any CPU = Release|Any CPU
	EndGlobalSection
	GlobalSection(ProjectConfigurationPlatforms) = postSolution
		{8343F231-2377-4710-84F1-B8FAE4DF099C}.Debug|Any CPU.ActiveCfg = Debug|Any CPU
		{8343F231-2377-4710-84F1-B8FAE4DF099C}.Debug|Any CPU.Build.0 = Debug|Any CPU
		{8343F231-2377-4710-84F1-B8FAE4DF099C}.Release|Any CPU.ActiveCfg = Release|Any CPU
		{8343F231-2377-4710-84F1-B8FAE4DF099C}.Release|Any CPU.Build.0 = Release|Any CPU
		{E1C762DE-D503-4840-84C8-846163D6136B}.Debug|Any CPU.ActiveCfg = Debug|Any CPU
		{E1C762DE-D503-4840-84C8-846163D6136B}.Debug|Any CPU.Build.0 = Debug|Any CPU
		{E1C762DE-D503-4840-84C8-846163D6136B}.Release|Any CPU.ActiveCfg = Release|Any CPU
		{E1C762DE-D503-4840-84C8-846163D6136B}.Release|Any CPU.Build.0 = Release|Any CPU
		{57FAB590-F476-43E5-AF3E-4BD90C7408A3}.Debug|Any CPU.ActiveCfg = Debug|Any CPU
		{57FAB590-F476-43E5-AF3E-4BD90C7408A3}.Debug|Any CPU.Build.0 = Debug|Any CPU
		{57FAB590-F476-43E5-AF3E-4BD90C7408A3}.Release|Any CPU.ActiveCfg = Release|Any CPU
		{57FAB590-F476-43E5-AF3E-4BD90C7408A3}.Release|Any CPU.Build.0 = Release|Any CPU
		{E0C2AB55-6268-404A-B887-D60FE736270B}.Debug|Any CPU.ActiveCfg = Debug|Any CPU
		{E0C2AB55-6268-404A-B887-D60FE736270B}.Debug|Any CPU.Build.0 = Debug|Any CPU
		{E0C2AB55-6268-404A-B887-D60FE736270B}.Release|Any CPU.ActiveCfg = Release|Any CPU
		{E0C2AB55-6268-404A-B887-D60FE736270B}.Release|Any CPU.Build.0 = Release|Any CPU
		{0C5FAB30-9202-4385-BBEE-10F4093A37B3}.Debug|Any CPU.ActiveCfg = Debug|Any CPU
		{0C5FAB30-9202-4385-BBEE-10F4093A37B3}.Debug|Any CPU.Build.0 = Debug|Any CPU
		{0C5FAB30-9202-4385-BBEE-10F4093A37B3}.Release|Any CPU.ActiveCfg = Release|Any CPU
		{0C5FAB30-9202-4385-BBEE-10F4093A37B3}.Release|Any CPU.Build.0 = Release|Any CPU
	EndGlobalSection
EndGlobal
